
Microsoft Visual Studio Solution File, Format Version 12.00
# Visual Studio Version 17
VisualStudioVersion = 17.7.34024.191
MinimumVisualStudioVersion = 10.0.40219.1
Project("{2150E333-8FDC-42A3-9474-1A3956D46DE8}") = "Services", "Services", "{597AED3D-38B7-407A-BC86-E8D1A5B8EB2B}"
EndProject
Project("{2150E333-8FDC-42A3-9474-1A3956D46DE8}") = "Auth", "Auth", "{24D34C92-040C-4B18-AA1E-0AA11FF2A495}"
EndProject
Project("{2150E333-8FDC-42A3-9474-1A3956D46DE8}") = "Flashcard", "Flashcard", "{1FF1D916-C7BC-4FFC-946C-28815C39CD67}"
EndProject
Project("{9A19103F-16F7-4668-BE54-9A1E7A4F7556}") = "BusinessObject", "Services\Flashcard\BusinessObject\BusinessObject.csproj", "{6ABF80AB-4EFA-42A3-86DC-187424D2AFEC}"
EndProject
Project("{9A19103F-16F7-4668-BE54-9A1E7A4F7556}") = "Repository", "Services\Flashcard\Repository\Repository.csproj", "{DEC88E2A-CA28-4DD4-8716-B4B49A67EE98}"
EndProject
Project("{9A19103F-16F7-4668-BE54-9A1E7A4F7556}") = "DataAccess", "Services\Flashcard\DataAccess\DataAccess.csproj", "{5684981A-C7BA-4ECB-9A2A-8F4FB31C6797}"
EndProject
Project("{9A19103F-16F7-4668-BE54-9A1E7A4F7556}") = "Quizlet.Services.FlashcardAPI", "Services\Flashcard\Quizlet.Services.FlashcardAPI\Quizlet.Services.FlashcardAPI.csproj", "{460E2B30-B4E2-4853-B342-E5676822E87E}"
EndProject
Project("{9A19103F-16F7-4668-BE54-9A1E7A4F7556}") = "Quizlet.Services.AuthAPI", "Services\Auth\Quizlet.Services.AuthAPI\Quizlet.Services.AuthAPI.csproj", "{29287670-188A-49F6-B4E6-D55D73FC2432}"
EndProject
Global
	GlobalSection(SolutionConfigurationPlatforms) = preSolution
		Debug|Any CPU = Debug|Any CPU
		Release|Any CPU = Release|Any CPU
	EndGlobalSection
	GlobalSection(ProjectConfigurationPlatforms) = postSolution
		{6ABF80AB-4EFA-42A3-86DC-187424D2AFEC}.Debug|Any CPU.ActiveCfg = Debug|Any CPU
		{6ABF80AB-4EFA-42A3-86DC-187424D2AFEC}.Debug|Any CPU.Build.0 = Debug|Any CPU
		{6ABF80AB-4EFA-42A3-86DC-187424D2AFEC}.Release|Any CPU.ActiveCfg = Release|Any CPU
		{6ABF80AB-4EFA-42A3-86DC-187424D2AFEC}.Release|Any CPU.Build.0 = Release|Any CPU
		{DEC88E2A-CA28-4DD4-8716-B4B49A67EE98}.Debug|Any CPU.ActiveCfg = Debug|Any CPU
		{DEC88E2A-CA28-4DD4-8716-B4B49A67EE98}.Debug|Any CPU.Build.0 = Debug|Any CPU
		{DEC88E2A-CA28-4DD4-8716-B4B49A67EE98}.Release|Any CPU.ActiveCfg = Release|Any CPU
		{DEC88E2A-CA28-4DD4-8716-B4B49A67EE98}.Release|Any CPU.Build.0 = Release|Any CPU
		{5684981A-C7BA-4ECB-9A2A-8F4FB31C6797}.Debug|Any CPU.ActiveCfg = Debug|Any CPU
		{5684981A-C7BA-4ECB-9A2A-8F4FB31C6797}.Debug|Any CPU.Build.0 = Debug|Any CPU
		{5684981A-C7BA-4ECB-9A2A-8F4FB31C6797}.Release|Any CPU.ActiveCfg = Release|Any CPU
		{5684981A-C7BA-4ECB-9A2A-8F4FB31C6797}.Release|Any CPU.Build.0 = Release|Any CPU
		{460E2B30-B4E2-4853-B342-E5676822E87E}.Debug|Any CPU.ActiveCfg = Debug|Any CPU
		{460E2B30-B4E2-4853-B342-E5676822E87E}.Debug|Any CPU.Build.0 = Debug|Any CPU
		{460E2B30-B4E2-4853-B342-E5676822E87E}.Release|Any CPU.ActiveCfg = Release|Any CPU
		{460E2B30-B4E2-4853-B342-E5676822E87E}.Release|Any CPU.Build.0 = Release|Any CPU
		{29287670-188A-49F6-B4E6-D55D73FC2432}.Debug|Any CPU.ActiveCfg = Debug|Any CPU
		{29287670-188A-49F6-B4E6-D55D73FC2432}.Debug|Any CPU.Build.0 = Debug|Any CPU
		{29287670-188A-49F6-B4E6-D55D73FC2432}.Release|Any CPU.ActiveCfg = Release|Any CPU
		{29287670-188A-49F6-B4E6-D55D73FC2432}.Release|Any CPU.Build.0 = Release|Any CPU
	EndGlobalSection
	GlobalSection(SolutionProperties) = preSolution
		HideSolutionNode = FALSE
	EndGlobalSection
	GlobalSection(NestedProjects) = preSolution
		{24D34C92-040C-4B18-AA1E-0AA11FF2A495} = {597AED3D-38B7-407A-BC86-E8D1A5B8EB2B}
		{1FF1D916-C7BC-4FFC-946C-28815C39CD67} = {597AED3D-38B7-407A-BC86-E8D1A5B8EB2B}
		{6ABF80AB-4EFA-42A3-86DC-187424D2AFEC} = {1FF1D916-C7BC-4FFC-946C-28815C39CD67}
		{DEC88E2A-CA28-4DD4-8716-B4B49A67EE98} = {1FF1D916-C7BC-4FFC-946C-28815C39CD67}
		{5684981A-C7BA-4ECB-9A2A-8F4FB31C6797} = {1FF1D916-C7BC-4FFC-946C-28815C39CD67}
		{460E2B30-B4E2-4853-B342-E5676822E87E} = {1FF1D916-C7BC-4FFC-946C-28815C39CD67}
		{29287670-188A-49F6-B4E6-D55D73FC2432} = {24D34C92-040C-4B18-AA1E-0AA11FF2A495}
	EndGlobalSection
	GlobalSection(ExtensibilityGlobals) = postSolution
		SolutionGuid = {8D77AB40-34EB-4C4F-B650-5E3CD66CDEBA}
	EndGlobalSection
EndGlobal
